// !$*UTF8*$!
{
	archiveVersion = 1;
	classes = {
	};
	objectVersion = 56;
	objects = {

/* Begin PBXBuildFile section */
		260B00DD29924C9000C1927E /* SystemLineApp.swift in Sources */ = {isa = PBXBuildFile; fileRef = 260B00DC29924C9000C1927E /* SystemLineApp.swift */; };
		260B00DF29924C9000C1927E /* ContentView.swift in Sources */ = {isa = PBXBuildFile; fileRef = 260B00DE29924C9000C1927E /* ContentView.swift */; };
		260B00E129924C9000C1927E /* Assets.xcassets in Resources */ = {isa = PBXBuildFile; fileRef = 260B00E029924C9000C1927E /* Assets.xcassets */; };
		260B00E429924C9000C1927E /* Preview Assets.xcassets in Resources */ = {isa = PBXBuildFile; fileRef = 260B00E329924C9000C1927E /* Preview Assets.xcassets */; };
		260B00EB2992C9DD00C1927E /* ThankU.swift in Sources */ = {isa = PBXBuildFile; fileRef = 260B00EA2992C9DD00C1927E /* ThankU.swift */; };
		260B00ED2992CAED00C1927E /* Orders.swift in Sources */ = {isa = PBXBuildFile; fileRef = 260B00EC2992CAED00C1927E /* Orders.swift */; };
		26EF54B42998BD1B0013D767 /* photopicer.swift in Sources */ = {isa = PBXBuildFile; fileRef = 26EF54B32998BD1B0013D767 /* photopicer.swift */; };
		26EF54B82998D42C0013D767 /* test.swift in Sources */ = {isa = PBXBuildFile; fileRef = 26EF54B72998D42C0013D767 /* test.swift */; };
/* End PBXBuildFile section */

/* Begin PBXFileReference section */
		260B00D929924C9000C1927E /* SystemLine.app */ = {isa = PBXFileReference; explicitFileType = wrapper.application; includeInIndex = 0; path = SystemLine.app; sourceTree = BUILT_PRODUCTS_DIR; };
		260B00DC29924C9000C1927E /* SystemLineApp.swift */ = {isa = PBXFileReference; lastKnownFileType = sourcecode.swift; path = SystemLineApp.swift; sourceTree = "<group>"; };
		260B00DE29924C9000C1927E /* ContentView.swift */ = {isa = PBXFileReference; lastKnownFileType = sourcecode.swift; path = ContentView.swift; sourceTree = "<group>"; };
		260B00E029924C9000C1927E /* Assets.xcassets */ = {isa = PBXFileReference; lastKnownFileType = folder.assetcatalog; path = Assets.xcassets; sourceTree = "<group>"; };
		260B00E329924C9000C1927E /* Preview Assets.xcassets */ = {isa = PBXFileReference; lastKnownFileType = folder.assetcatalog; path = "Preview Assets.xcassets"; sourceTree = "<group>"; };
		260B00EA2992C9DD00C1927E /* ThankU.swift */ = {isa = PBXFileReference; lastKnownFileType = sourcecode.swift; path = ThankU.swift; sourceTree = "<group>"; };
		260B00EC2992CAED00C1927E /* Orders.swift */ = {isa = PBXFileReference; lastKnownFileType = sourcecode.swift; path = Orders.swift; sourceTree = "<group>"; };
		26EF54B32998BD1B0013D767 /* photopicer.swift */ = {isa = PBXFileReference; lastKnownFileType = sourcecode.swift; path = photopicer.swift; sourceTree = "<group>"; };
		26EF54B72998D42C0013D767 /* test.swift */ = {isa = PBXFileReference; lastKnownFileType = sourcecode.swift; path = test.swift; sourceTree = "<group>"; };
/* End PBXFileReference section */

/* Begin PBXFrameworksBuildPhase section */
		260B00D629924C9000C1927E /* Frameworks */ = {
			isa = PBXFrameworksBuildPhase;
			buildActionMask = 2147483647;
			files = (
			);
			runOnlyForDeploymentPostprocessing = 0;
		};
/* End PBXFrameworksBuildPhase section */

/* Begin PBXGroup section */
		260B00D029924C9000C1927E = {
			isa = PBXGroup;
			children = (
				26EF54B72998D42C0013D767 /* test.swift */,
				26EF54B32998BD1B0013D767 /* photopicer.swift */,
				260B00EC2992CAED00C1927E /* Orders.swift */,
				260B00EA2992C9DD00C1927E /* ThankU.swift */,
				260B00DB29924C9000C1927E /* SystemLine */,
				260B00DA29924C9000C1927E /* Products */,
			);
			sourceTree = "<group>";
		};
		260B00DA29924C9000C1927E /* Products */ = {
			isa = PBXGroup;
			children = (
				260B00D929924C9000C1927E /* SystemLine.app */,
			);
			name = Products;
			sourceTree = "<group>";
		};
		260B00DB29924C9000C1927E /* SystemLine */ = {
			isa = PBXGroup;
			children = (
				260B00DC29924C9000C1927E /* SystemLineApp.swift */,
				260B00DE29924C9000C1927E /* ContentView.swift */,
				260B00E029924C9000C1927E /* Assets.xcassets */,
				260B00E229924C9000C1927E /* Preview Content */,
			);
			path = SystemLine;
			sourceTree = "<group>";
		};
		260B00E229924C9000C1927E /* Preview Content */ = {
			isa = PBXGroup;
			children = (
				260B00E329924C9000C1927E /* Preview Assets.xcassets */,
			);
			path = "Preview Content";
			sourceTree = "<group>";
		};
/* End PBXGroup section */

/* Begin PBXNativeTarget section */
		260B00D829924C9000C1927E /* SystemLine */ = {
			isa = PBXNativeTarget;
			buildConfigurationList = 260B00E729924C9000C1927E /* Build configuration list for PBXNativeTarget "SystemLine" */;
			buildPhases = (
				260B00D529924C9000C1927E /* Sources */,
				260B00D629924C9000C1927E /* Frameworks */,
				260B00D729924C9000C1927E /* Resources */,
			);
			buildRules = (
			);
			dependencies = (
			);
			name = SystemLine;
			productName = SystemLine;
			productReference = 260B00D929924C9000C1927E /* SystemLine.app */;
			productType = "com.apple.product-type.application";
		};
/* End PBXNativeTarget section */

/* Begin PBXProject section */
		260B00D129924C9000C1927E /* Project object */ = {
			isa = PBXProject;
			attributes = {
				BuildIndependentTargetsInParallel = 1;
				LastSwiftUpdateCheck = 1420;
				LastUpgradeCheck = 1420;
				TargetAttributes = {
					260B00D829924C9000C1927E = {
						CreatedOnToolsVersion = 14.2;
					};
				};
			};
			buildConfigurationList = 260B00D429924C9000C1927E /* Build configuration list for PBXProject "SystemLine" */;
			compatibilityVersion = "Xcode 14.0";
			developmentRegion = en;
			hasScannedForEncodings = 0;
			knownRegions = (
				en,
				Base,
			);
			mainGroup = 260B00D029924C9000C1927E;
			productRefGroup = 260B00DA29924C9000C1927E /* Products */;
			projectDirPath = "";
			projectRoot = "";
			targets = (
				260B00D829924C9000C1927E /* SystemLine */,
			);
		};
/* End PBXProject section */

/* Begin PBXResourcesBuildPhase section */
		260B00D729924C9000C1927E /* Resources */ = {
			isa = PBXResourcesBuildPhase;
			buildActionMask = 2147483647;
			files = (
				260B00E429924C9000C1927E /* Preview Assets.xcassets in Resources */,
				260B00E129924C9000C1927E /* Assets.xcassets in Resources */,
			);
			runOnlyForDeploymentPostprocessing = 0;
		};
/* End PBXResourcesBuildPhase section */

/* Begin PBXSourcesBuildPhase section */
		260B00D529924C9000C1927E /* Sources */ = {
			isa = PBXSourcesBuildPhase;
			buildActionMask = 2147483647;
			files = (
				260B00DF29924C9000C1927E /* ContentView.swift in Sources */,
				26EF54B82998D42C0013D767 /* test.swift in Sources */,
				26EF54B42998BD1B0013D767 /* photopicer.swift in Sources */,
				260B00EB2992C9DD00C1927E /* ThankU.swift in Sources */,
				260B00ED2992CAED00C1927E /* Orders.swift in Sources */,
				260B00DD29924C9000C1927E /* SystemLineApp.swift in Sources */,
			);
			runOnlyForDeploymentPostprocessing = 0;
		};
/* End PBXSourcesBuildPhase section */

/* Begin XCBuildConfiguration section */
		260B00E529924C9000C1927E /* Debug */ = {
			isa = XCBuildConfiguration;
			buildSettings = {
				ALWAYS_SEARCH_USER_PATHS = NO;
				CLANG_ANALYZER_NONNULL = YES;
				CLANG_ANALYZER_NUMBER_OBJECT_CONVERSION = YES_AGGRESSIVE;
				CLANG_CXX_LANGUAGE_STANDARD = "gnu++20";
				CLANG_ENABLE_MODULES = YES;
				CLANG_ENABLE_OBJC_ARC = YES;
				CLANG_ENABLE_OBJC_WEAK = YES;
				CLANG_WARN_BLOCK_CAPTURE_AUTORELEASING = YES;
				CLANG_WARN_BOOL_CONVERSION = YES;
				CLANG_WARN_COMMA = YES;
				CLANG_WARN_CONSTANT_CONVERSION = YES;
				CLANG_WARN_DEPRECATED_OBJC_IMPLEMENTATIONS = YES;
				CLANG_WARN_DIRECT_OBJC_ISA_USAGE = YES_ERROR;
				CLANG_WARN_DOCUMENTATION_COMMENTS = YES;
				CLANG_WARN_EMPTY_BODY = YES;
				CLANG_WARN_ENUM_CONVERSION = YES;
				CLANG_WARN_INFINITE_RECURSION = YES;
				CLANG_WARN_INT_CONVERSION = YES;
				CLANG_WARN_NON_LITERAL_NULL_CONVERSION = YES;
				CLANG_WARN_OBJC_IMPLICIT_RETAIN_SELF = YES;
				CLANG_WARN_OBJC_LITERAL_CONVERSION = YES;
				CLANG_WARN_OBJC_ROOT_CLASS = YES_ERROR;
				CLANG_WARN_QUOTED_INCLUDE_IN_FRAMEWORK_HEADER = YES;
				CLANG_WARN_RANGE_LOOP_ANALYSIS = YES;
				CLANG_WARN_STRICT_PROTOTYPES = YES;
				CLANG_WARN_SUSPICIOUS_MOVE = YES;
				CLANG_WARN_UNGUARDED_AVAILABILITY = YES_AGGRESSIVE;
				CLANG_WARN_UNREACHABLE_CODE = YES;
				CLANG_WARN__DUPLICATE_METHOD_MATCH = YES;
				COPY_PHASE_STRIP = NO;
				DEBUG_INFORMATION_FORMAT = dwarf;
				ENABLE_STRICT_OBJC_MSGSEND = YES;
				ENABLE_TESTABILITY = YES;
				GCC_C_LANGUAGE_STANDARD = gnu11;
				GCC_DYNAMIC_NO_PIC = NO;
				GCC_NO_COMMON_BLOCKS = YES;
				GCC_OPTIMIZATION_LEVEL = 0;
				GCC_PREPROCESSOR_DEFINITIONS = (
					"DEBUG=1",
					"$(inherited)",
				);
				GCC_WARN_64_TO_32_BIT_CONVERSION = YES;
				GCC_WARN_ABOUT_RETURN_TYPE = YES_ERROR;
				GCC_WARN_UNDECLARED_SELECTOR = YES;
				GCC_WARN_UNINITIALIZED_AUTOS = YES_AGGRESSIVE;
				GCC_WARN_UNUSED_FUNCTION = YES;
				GCC_WARN_UNUSED_VARIABLE = YES;
				IPHONEOS_DEPLOYMENT_TARGET = 16.2;
				MTL_ENABLE_DEBUG_INFO = INCLUDE_SOURCE;
				MTL_FAST_MATH = YES;
				ONLY_ACTIVE_ARCH = YES;
				SDKROOT = iphoneos;
				SWIFT_ACTIVE_COMPILATION_CONDITIONS = DEBUG;
				SWIFT_OPTIMIZATION_LEVEL = "-Onone";
			};
			name = Debug;
		};
		260B00E629924C9000C1927E /* Release */ = {
			isa = XCBuildConfiguration;
			buildSettings = {
				ALWAYS_SEARCH_USER_PATHS = NO;
				CLANG_ANALYZER_NONNULL = YES;
				CLANG_ANALYZER_NUMBER_OBJECT_CONVERSION = YES_AGGRESSIVE;
				CLANG_CXX_LANGUAGE_STANDARD = "gnu++20";
				CLANG_ENABLE_MODULES = YES;
				CLANG_ENABLE_OBJC_ARC = YES;
				CLANG_ENABLE_OBJC_WEAK = YES;
				CLANG_WARN_BLOCK_CAPTURE_AUTORELEASING = YES;
				CLANG_WARN_BOOL_CONVERSION = YES;
				CLANG_WARN_COMMA = YES;
				CLANG_WARN_CONSTANT_CONVERSION = YES;
				CLANG_WARN_DEPRECATED_OBJC_IMPLEMENTATIONS = YES;
				CLANG_WARN_DIRECT_OBJC_ISA_USAGE = YES_ERROR;
				CLANG_WARN_DOCUMENTATION_COMMENTS = YES;
				CLANG_WARN_EMPTY_BODY = YES;
				CLANG_WARN_ENUM_CONVERSION = YES;
				CLANG_WARN_INFINITE_RECURSION = YES;
				CLANG_WARN_INT_CONVERSION = YES;
				CLANG_WARN_NON_LITERAL_NULL_CONVERSION = YES;
				CLANG_WARN_OBJC_IMPLICIT_RETAIN_SELF = YES;
				CLANG_WARN_OBJC_LITERAL_CONVERSION = YES;
				CLANG_WARN_OBJC_ROOT_CLASS = YES_ERROR;
				CLANG_WARN_QUOTED_INCLUDE_IN_FRAMEWORK_HEADER = YES;
				CLANG_WARN_RANGE_LOOP_ANALYSIS = YES;
				CLANG_WARN_STRICT_PROTOTYPES = YES;
				CLANG_WARN_SUSPICIOUS_MOVE = YES;
				CLANG_WARN_UNGUARDED_AVAILABILITY = YES_AGGRESSIVE;
				CLANG_WARN_UNREACHABLE_CODE = YES;
				CLANG_WARN__DUPLICATE_METHOD_MATCH = YES;
				COPY_PHASE_STRIP = NO;
				DEBUG_INFORMATION_FORMAT = "dwarf-with-dsym";
				ENABLE_NS_ASSERTIONS = NO;
				ENABLE_STRICT_OBJC_MSGSEND = YES;
				GCC_C_LANGUAGE_STANDARD = gnu11;
				GCC_NO_COMMON_BLOCKS = YES;
				GCC_WARN_64_TO_32_BIT_CONVERSION = YES;
				GCC_WARN_ABOUT_RETURN_TYPE = YES_ERROR;
				GCC_WARN_UNDECLARED_SELECTOR = YES;
				GCC_WARN_UNINITIALIZED_AUTOS = YES_AGGRESSIVE;
				GCC_WARN_UNUSED_FUNCTION = YES;
				GCC_WARN_UNUSED_VARIABLE = YES;
				IPHONEOS_DEPLOYMENT_TARGET = 16.2;
				MTL_ENABLE_DEBUG_INFO = NO;
				MTL_FAST_MATH = YES;
				SDKROOT = iphoneos;
				SWIFT_COMPILATION_MODE = wholemodule;
				SWIFT_OPTIMIZATION_LEVEL = "-O";
				VALIDATE_PRODUCT = YES;
			};
			name = Release;
		};
		260B00E829924C9000C1927E /* Debug */ = {
			isa = XCBuildConfiguration;
			buildSettings = {
				ASSETCATALOG_COMPILER_APPICON_NAME = AppIcon;
				ASSETCATALOG_COMPILER_GLOBAL_ACCENT_COLOR_NAME = AccentColor;
				CODE_SIGN_STYLE = Automatic;
				CURRENT_PROJECT_VERSION = 1;
				DEVELOPMENT_ASSET_PATHS = "\"SystemLine/Preview Content\"";
				DEVELOPMENT_TEAM = HMU5LK5S2Z;
				ENABLE_PREVIEWS = YES;
				GENERATE_INFOPLIST_FILE = YES;
				INFOPLIST_KEY_UIApplicationSceneManifest_Generation = YES;
				INFOPLIST_KEY_UIApplicationSupportsIndirectInputEvents = YES;
				INFOPLIST_KEY_UILaunchScreen_Generation = YES;
				INFOPLIST_KEY_UISupportedInterfaceOrientations_iPad = "UIInterfaceOrientationPortrait UIInterfaceOrientationPortraitUpsideDown UIInterfaceOrientationLandscapeLeft UIInterfaceOrientationLandscapeRight";
				INFOPLIST_KEY_UISupportedInterfaceOrientations_iPhone = "UIInterfaceOrientationPortrait UIInterfaceOrientationLandscapeLeft UIInterfaceOrientationLandscapeRight";
				LD_RUNPATH_SEARCH_PATHS = (
					"$(inherited)",
					"@executable_path/Frameworks",
				);
				MARKETING_VERSION = 1.0;
				PRODUCT_BUNDLE_IDENTIFIER = com.example.SystemLine;
				PRODUCT_NAME = "$(TARGET_NAME)";
				SWIFT_EMIT_LOC_STRINGS = YES;
				SWIFT_VERSION = 5.0;
				TARGETED_DEVICE_FAMILY = "1,2";
			};
			name = Debug;
		};
		260B00E929924C9000C1927E /* Release */ = {
			isa = XCBuildConfiguration;
			buildSettings = {
				ASSETCATALOG_COMPILER_APPICON_NAME = AppIcon;
				ASSETCATALOG_COMPILER_GLOBAL_ACCENT_COLOR_NAME = AccentColor;
				CODE_SIGN_STYLE = Automatic;
				CURRENT_PROJECT_VERSION = 1;
				DEVELOPMENT_ASSET_PATHS = "\"SystemLine/Preview Content\"";
				DEVELOPMENT_TEAM = HMU5LK5S2Z;
				ENABLE_PREVIEWS = YES;
				GENERATE_INFOPLIST_FILE = YES;
				INFOPLIST_KEY_UIApplicationSceneManifest_Generation = YES;
				INFOPLIST_KEY_UIApplicationSupportsIndirectInputEvents = YES;
				INFOPLIST_KEY_UILaunchScreen_Generation = YES;
				INFOPLIST_KEY_UISupportedInterfaceOrientations_iPad = "UIInterfaceOrientationPortrait UIInterfaceOrientationPortraitUpsideDown UIInterfaceOrientationLandscapeLeft UIInterfaceOrientationLandscapeRight";
				INFOPLIST_KEY_UISupportedInterfaceOrientations_iPhone = "UIInterfaceOrientationPortrait UIInterfaceOrientationLandscapeLeft UIInterfaceOrientationLandscapeRight";
				LD_RUNPATH_SEARCH_PATHS = (
					"$(inherited)",
					"@executable_path/Frameworks",
				);
				MARKETING_VERSION = 1.0;
				PRODUCT_BUNDLE_IDENTIFIER = com.example.SystemLine;
				PRODUCT_NAME = "$(TARGET_NAME)";
				SWIFT_EMIT_LOC_STRINGS = YES;
				SWIFT_VERSION = 5.0;
				TARGETED_DEVICE_FAMILY = "1,2";
			};
			name = Release;
		};
/* End XCBuildConfiguration section */

/* Begin XCConfigurationList section */
		260B00D429924C9000C1927E /* Build configuration list for PBXProject "SystemLine" */ = {
			isa = XCConfigurationList;
			buildConfigurations = (
				260B00E529924C9000C1927E /* Debug */,
				260B00E629924C9000C1927E /* Release */,
			);
			defaultConfigurationIsVisible = 0;
			defaultConfigurationName = Release;
		};
		260B00E729924C9000C1927E /* Build configuration list for PBXNativeTarget "SystemLine" */ = {
			isa = XCConfigurationList;
			buildConfigurations = (
				260B00E829924C9000C1927E /* Debug */,
				260B00E929924C9000C1927E /* Release */,
			);
			defaultConfigurationIsVisible = 0;
			defaultConfigurationName = Release;
		};
/* End XCConfigurationList section */
	};
	rootObject = 260B00D129924C9000C1927E /* Project object */;
}
